
Microsoft Visual Studio Solution File, Format Version 12.00
# Visual Studio Version 17
VisualStudioVersion = 17.0.31919.166
MinimumVisualStudioVersion = 10.0.40219.1
Project("{FAE04EC0-301F-11D3-BF4B-00C04F79EFBC}") = "Projeto2", "Projeto2\Projeto2.csproj", "{BFCFD9A9-AC8F-41AB-8F61-15BA7B655FCB}"
EndProject
Global
	GlobalSection(SolutionConfigurationPlatforms) = preSolution
		Debug|Any CPU = Debug|Any CPU
		Release|Any CPU = Release|Any CPU
	EndGlobalSection
	GlobalSection(ProjectConfigurationPlatforms) = postSolution
		{BFCFD9A9-AC8F-41AB-8F61-15BA7B655FCB}.Debug|Any CPU.ActiveCfg = Debug|Any CPU
		{BFCFD9A9-AC8F-41AB-8F61-15BA7B655FCB}.Debug|Any CPU.Build.0 = Debug|Any CPU
		{BFCFD9A9-AC8F-41AB-8F61-15BA7B655FCB}.Release|Any CPU.ActiveCfg = Release|Any CPU
		{BFCFD9A9-AC8F-41AB-8F61-15BA7B655FCB}.Release|Any CPU.Build.0 = Release|Any CPU
	EndGlobalSection
	GlobalSection(SolutionProperties) = preSolution
		HideSolutionNode = FALSE
	EndGlobalSection
	GlobalSection(ExtensibilityGlobals) = postSolution
		SolutionGuid = {D296C246-A10E-45C1-ABEB-C029FCC02DAC}
	EndGlobalSection
EndGlobal
